
Microsoft Visual Studio Solution File, Format Version 12.00
# Visual Studio Version 17
VisualStudioVersion = 17.11.35327.3
MinimumVisualStudioVersion = 10.0.40219.1
Project("{FAE04EC0-301F-11D3-BF4B-00C04F79EFBC}") = "Project_64140855", "Project_64140855.csproj", "{7FC0DC3B-DE5F-4588-A4C6-6A4FE8CE6064}"
EndProject
Global
	GlobalSection(SolutionConfigurationPlatforms) = preSolution
		Debug|Any CPU = Debug|Any CPU
		Release|Any CPU = Release|Any CPU
	EndGlobalSection
	GlobalSection(ProjectConfigurationPlatforms) = postSolution
		{7FC0DC3B-DE5F-4588-A4C6-6A4FE8CE6064}.Debug|Any CPU.ActiveCfg = Debug|Any CPU
		{7FC0DC3B-DE5F-4588-A4C6-6A4FE8CE6064}.Debug|Any CPU.Build.0 = Debug|Any CPU
		{7FC0DC3B-DE5F-4588-A4C6-6A4FE8CE6064}.Release|Any CPU.ActiveCfg = Release|Any CPU
		{7FC0DC3B-DE5F-4588-A4C6-6A4FE8CE6064}.Release|Any CPU.Build.0 = Release|Any CPU
	EndGlobalSection
	GlobalSection(SolutionProperties) = preSolution
		HideSolutionNode = FALSE
	EndGlobalSection
	GlobalSection(ExtensibilityGlobals) = postSolution
		SolutionGuid = {F282DDA7-0F16-4F9F-AF93-0699471A7351}
	EndGlobalSection
EndGlobal
